
Microsoft Visual Studio Solution File, Format Version 12.00
Project("{FAE04EC0-301F-11D3-BF4B-00C04F79EFBC}") = "ExtensionMethodsGenerator", "ExtensionMethodsGenerator\ExtensionMethodsGenerator\ExtensionMethodsGenerator.csproj", "{6ABD79E0-C693-4FDC-BFB5-389BC98C9489}"
EndProject
Project("{FAE04EC0-301F-11D3-BF4B-00C04F79EFBC}") = "ExtensionMethodsGenerator.Sample", "ExtensionMethodsGenerator\ExtensionMethodsGenerator.Sample\ExtensionMethodsGenerator.Sample.csproj", "{B0EB3DFD-561F-496D-B554-4209E7127B15}"
EndProject
Project("{FAE04EC0-301F-11D3-BF4B-00C04F79EFBC}") = "ExtensionMethodsGenerator.Tests", "ExtensionMethodsGenerator\ExtensionMethodsGenerator.Tests\ExtensionMethodsGenerator.Tests.csproj", "{C68085A1-5759-4D2C-8C8B-89CD33B9392D}"
EndProject
Global
	GlobalSection(SolutionConfigurationPlatforms) = preSolution
		Debug|Any CPU = Debug|Any CPU
		Release|Any CPU = Release|Any CPU
	EndGlobalSection
	GlobalSection(ProjectConfigurationPlatforms) = postSolution
		{6ABD79E0-C693-4FDC-BFB5-389BC98C9489}.Debug|Any CPU.ActiveCfg = Debug|Any CPU
		{6ABD79E0-C693-4FDC-BFB5-389BC98C9489}.Debug|Any CPU.Build.0 = Debug|Any CPU
		{6ABD79E0-C693-4FDC-BFB5-389BC98C9489}.Release|Any CPU.ActiveCfg = Release|Any CPU
		{6ABD79E0-C693-4FDC-BFB5-389BC98C9489}.Release|Any CPU.Build.0 = Release|Any CPU
		{B0EB3DFD-561F-496D-B554-4209E7127B15}.Debug|Any CPU.ActiveCfg = Debug|Any CPU
		{B0EB3DFD-561F-496D-B554-4209E7127B15}.Debug|Any CPU.Build.0 = Debug|Any CPU
		{B0EB3DFD-561F-496D-B554-4209E7127B15}.Release|Any CPU.ActiveCfg = Release|Any CPU
		{B0EB3DFD-561F-496D-B554-4209E7127B15}.Release|Any CPU.Build.0 = Release|Any CPU
		{C68085A1-5759-4D2C-8C8B-89CD33B9392D}.Debug|Any CPU.ActiveCfg = Debug|Any CPU
		{C68085A1-5759-4D2C-8C8B-89CD33B9392D}.Debug|Any CPU.Build.0 = Debug|Any CPU
		{C68085A1-5759-4D2C-8C8B-89CD33B9392D}.Release|Any CPU.ActiveCfg = Release|Any CPU
		{C68085A1-5759-4D2C-8C8B-89CD33B9392D}.Release|Any CPU.Build.0 = Release|Any CPU
	EndGlobalSection
EndGlobal
